
Microsoft Visual Studio Solution File, Format Version 12.00
# Visual Studio Version 16
VisualStudioVersion = 16.0.30621.155
MinimumVisualStudioVersion = 10.0.40219.1
Project("{FAE04EC0-301F-11D3-BF4B-00C04F79EFBC}") = "Primbrojevi", "Primbrojevi\Primbrojevi.csproj", "{D36AF2A2-B7BE-4655-BBF3-68F2738DE57D}"
EndProject
Project("{FAE04EC0-301F-11D3-BF4B-00C04F79EFBC}") = "Testovi", "Testovi\Testovi.csproj", "{BD4EB0D4-239B-415B-AB91-6413F44634C6}"
EndProject
Global
	GlobalSection(SolutionConfigurationPlatforms) = preSolution
		Debug|Any CPU = Debug|Any CPU
		Release|Any CPU = Release|Any CPU
	EndGlobalSection
	GlobalSection(ProjectConfigurationPlatforms) = postSolution
		{D36AF2A2-B7BE-4655-BBF3-68F2738DE57D}.Debug|Any CPU.ActiveCfg = Debug|Any CPU
		{D36AF2A2-B7BE-4655-BBF3-68F2738DE57D}.Debug|Any CPU.Build.0 = Debug|Any CPU
		{D36AF2A2-B7BE-4655-BBF3-68F2738DE57D}.Release|Any CPU.ActiveCfg = Release|Any CPU
		{D36AF2A2-B7BE-4655-BBF3-68F2738DE57D}.Release|Any CPU.Build.0 = Release|Any CPU
		{BD4EB0D4-239B-415B-AB91-6413F44634C6}.Debug|Any CPU.ActiveCfg = Debug|Any CPU
		{BD4EB0D4-239B-415B-AB91-6413F44634C6}.Debug|Any CPU.Build.0 = Debug|Any CPU
		{BD4EB0D4-239B-415B-AB91-6413F44634C6}.Release|Any CPU.ActiveCfg = Release|Any CPU
		{BD4EB0D4-239B-415B-AB91-6413F44634C6}.Release|Any CPU.Build.0 = Release|Any CPU
	EndGlobalSection
	GlobalSection(SolutionProperties) = preSolution
		HideSolutionNode = FALSE
	EndGlobalSection
	GlobalSection(ExtensibilityGlobals) = postSolution
		SolutionGuid = {A5DB42AB-8D95-46BD-A8D1-9615FE1F92BB}
	EndGlobalSection
EndGlobal
