
Microsoft Visual Studio Solution File, Format Version 12.00
# Visual Studio Version 16
VisualStudioVersion = 16.0.30523.141
MinimumVisualStudioVersion = 10.0.40219.1
Project("{FAE04EC0-301F-11D3-BF4B-00C04F79EFBC}") = "Primbrojevi", "Primbrojevi\Primbrojevi.csproj", "{D36AF2A2-B7BE-4655-BBF3-68F2738DE57D}"
EndProject
Project("{FAE04EC0-301F-11D3-BF4B-00C04F79EFBC}") = "Testovi", "Testovi\Testovi.csproj", "{3D22FBFB-390F-473B-891D-6BA1E3C72833}"
EndProject
Global
	GlobalSection(SolutionConfigurationPlatforms) = preSolution
		Debug|Any CPU = Debug|Any CPU
		Release|Any CPU = Release|Any CPU
	EndGlobalSection
	GlobalSection(ProjectConfigurationPlatforms) = postSolution
		{D36AF2A2-B7BE-4655-BBF3-68F2738DE57D}.Debug|Any CPU.ActiveCfg = Debug|Any CPU
		{D36AF2A2-B7BE-4655-BBF3-68F2738DE57D}.Debug|Any CPU.Build.0 = Debug|Any CPU
		{D36AF2A2-B7BE-4655-BBF3-68F2738DE57D}.Release|Any CPU.ActiveCfg = Release|Any CPU
		{D36AF2A2-B7BE-4655-BBF3-68F2738DE57D}.Release|Any CPU.Build.0 = Release|Any CPU
		{3D22FBFB-390F-473B-891D-6BA1E3C72833}.Debug|Any CPU.ActiveCfg = Debug|Any CPU
		{3D22FBFB-390F-473B-891D-6BA1E3C72833}.Debug|Any CPU.Build.0 = Debug|Any CPU
		{3D22FBFB-390F-473B-891D-6BA1E3C72833}.Release|Any CPU.ActiveCfg = Release|Any CPU
		{3D22FBFB-390F-473B-891D-6BA1E3C72833}.Release|Any CPU.Build.0 = Release|Any CPU
	EndGlobalSection
	GlobalSection(SolutionProperties) = preSolution
		HideSolutionNode = FALSE
	EndGlobalSection
	GlobalSection(ExtensibilityGlobals) = postSolution
		SolutionGuid = {A1548056-A7C0-4755-8A96-138C9290D977}
	EndGlobalSection
EndGlobal
